
Microsoft Visual Studio Solution File, Format Version 12.00
# Visual Studio Version 17
VisualStudioVersion = 17.5.002.0
MinimumVisualStudioVersion = 10.0.40219.1
Project("{9A19103F-16F7-4668-BE54-9A1E7A4F7556}") = "MyRazorPagesApp", "MyRazorPagesApp.csproj", "{CD34FE2F-F43F-4F71-8DCA-1488BA515AF8}"
EndProject
Global
	GlobalSection(SolutionConfigurationPlatforms) = preSolution
		Debug|Any CPU = Debug|Any CPU
		Release|Any CPU = Release|Any CPU
	EndGlobalSection
	GlobalSection(ProjectConfigurationPlatforms) = postSolution
		{CD34FE2F-F43F-4F71-8DCA-1488BA515AF8}.Debug|Any CPU.ActiveCfg = Debug|Any CPU
		{CD34FE2F-F43F-4F71-8DCA-1488BA515AF8}.Debug|Any CPU.Build.0 = Debug|Any CPU
		{CD34FE2F-F43F-4F71-8DCA-1488BA515AF8}.Release|Any CPU.ActiveCfg = Release|Any CPU
		{CD34FE2F-F43F-4F71-8DCA-1488BA515AF8}.Release|Any CPU.Build.0 = Release|Any CPU
	EndGlobalSection
	GlobalSection(SolutionProperties) = preSolution
		HideSolutionNode = FALSE
	EndGlobalSection
	GlobalSection(ExtensibilityGlobals) = postSolution
		SolutionGuid = {86A6FC3E-EC0C-45D9-A59C-4167939A1189}
	EndGlobalSection
EndGlobal
